
Microsoft Visual Studio Solution File, Format Version 12.00
# Visual Studio 14
VisualStudioVersion = 14.0.25420.1
MinimumVisualStudioVersion = 10.0.40219.1
Project("{FAE04EC0-301F-11D3-BF4B-00C04F79EFBC}") = "TransportnoPreduzece.Data", "TransportnoPreduzece.Data\TransportnoPreduzece.Data.csproj", "{E9C8560E-73D2-4F2B-90A8-F0F4F800FD65}"
EndProject
Project("{FAE04EC0-301F-11D3-BF4B-00C04F79EFBC}") = "TransportnoPreduzece.Web", "TransportnoPreduzece.Web\TransportnoPreduzece.Web.csproj", "{3ECC094E-6E39-4876-B71D-DDBAE75A7C55}"
EndProject
Global
	GlobalSection(SolutionConfigurationPlatforms) = preSolution
		Debug|Any CPU = Debug|Any CPU
		Release|Any CPU = Release|Any CPU
	EndGlobalSection
	GlobalSection(ProjectConfigurationPlatforms) = postSolution
		{E9C8560E-73D2-4F2B-90A8-F0F4F800FD65}.Debug|Any CPU.ActiveCfg = Debug|Any CPU
		{E9C8560E-73D2-4F2B-90A8-F0F4F800FD65}.Debug|Any CPU.Build.0 = Debug|Any CPU
		{E9C8560E-73D2-4F2B-90A8-F0F4F800FD65}.Release|Any CPU.ActiveCfg = Release|Any CPU
		{E9C8560E-73D2-4F2B-90A8-F0F4F800FD65}.Release|Any CPU.Build.0 = Release|Any CPU
		{3ECC094E-6E39-4876-B71D-DDBAE75A7C55}.Debug|Any CPU.ActiveCfg = Debug|Any CPU
		{3ECC094E-6E39-4876-B71D-DDBAE75A7C55}.Debug|Any CPU.Build.0 = Debug|Any CPU
		{3ECC094E-6E39-4876-B71D-DDBAE75A7C55}.Release|Any CPU.ActiveCfg = Release|Any CPU
		{3ECC094E-6E39-4876-B71D-DDBAE75A7C55}.Release|Any CPU.Build.0 = Release|Any CPU
	EndGlobalSection
	GlobalSection(SolutionProperties) = preSolution
		HideSolutionNode = FALSE
	EndGlobalSection
	GlobalSection(ExtensibilityGlobals) = postSolution
		VisualSVNWorkingCopyRoot = TransportnoPreduzece.Data\Models
	EndGlobalSection
EndGlobal
